Microsoft Visual Studio Solution File, Format Version 12.00
# Visual Studio Version 16
VisualStudioVersion = 16.0.31005.135
MinimumVisualStudioVersion = 10.0.40219.1
Project("{6CE2D480-4C89-42CB-A5BB-7B2BCA57D0CE}") = "Mall_Services", "Mall_Services\Mall_Services.sdproj", "{6C4CD703-4354-4BF5-8872-5F5B91817F19}"
EndProject
Project("{6CE2D480-4C89-42CB-A5BB-7B2BCA57D0CE}") = "Mall_PC", "Mall_PC\Mall_PC.sdproj", "{EF4CB2B0-4E26-4087-B22F-5A8C372E0756}"
EndProject
Project("{6CE2D480-4C89-42CB-A5BB-7B2BCA57D0CE}") = "Mall_Mobile", "Mall_Mobile\Mall_Mobile.sdproj", "{05A5AD80-F913-48F2-8DF3-A6F340C780B6}"
EndProject
Global
	GlobalSection(SolutionProperties) = preSolution
		HideSolutionNode = FALSE
	EndGlobalSection

	GlobalSection(ExtensibilityGlobals) = postSolution
		SolutionGuid = {D4A09C0F-93B2-438B-8983-7BBA6646D10E}
	EndGlobalSection

	GlobalSection(SolutionConfigurationPlatforms) = preSolution
		Debug|Any CPU = Debug|Any CPU
		Release|Any CPU = Release|Any CPU
	EndGlobalSection

	GlobalSection(ProjectConfigurationPlatforms) = postSolution
		{AFC09EC9-4C6B-4FAC-9BFC-0BB94BCD90D8}.Release|Any CPU.Build.0 = Release|Any CPU
		{AFC09EC9-4C6B-4FAC-9BFC-0BB94BCD90D8}.Release|Any CPU.ActiveCfg = Release|Any CPU
		{AFC09EC9-4C6B-4FAC-9BFC-0BB94BCD90D8}.Debug|Any CPU.Build.0 = Debug|Any CPU
		{AFC09EC9-4C6B-4FAC-9BFC-0BB94BCD90D8}.Debug|Any CPU.ActiveCfg = Debug|Any CPU
		{F925E941-9EE6-4939-BA55-E5AF0ED1CD7D}.Release|Any CPU.Build.0 = Release|Any CPU
		{F925E941-9EE6-4939-BA55-E5AF0ED1CD7D}.Release|Any CPU.ActiveCfg = Release|Any CPU
		{F925E941-9EE6-4939-BA55-E5AF0ED1CD7D}.Debug|Any CPU.Build.0 = Debug|Any CPU
		{F925E941-9EE6-4939-BA55-E5AF0ED1CD7D}.Debug|Any CPU.ActiveCfg = Debug|Any CPU
		{2E09565E-A470-4FA8-AF4D-045870967F09}.Release|Any CPU.Build.0 = Release|Any CPU
		{2E09565E-A470-4FA8-AF4D-045870967F09}.Release|Any CPU.ActiveCfg = Release|Any CPU
		{2E09565E-A470-4FA8-AF4D-045870967F09}.Debug|Any CPU.Build.0 = Debug|Any CPU
		{2E09565E-A470-4FA8-AF4D-045870967F09}.Debug|Any CPU.ActiveCfg = Debug|Any CPU
		{D09EFEA5-D032-4705-BFE5-E6E50C5790F3}.Release|Any CPU.Build.0 = Release|Any CPU
		{D09EFEA5-D032-4705-BFE5-E6E50C5790F3}.Release|Any CPU.ActiveCfg = Release|Any CPU
		{D09EFEA5-D032-4705-BFE5-E6E50C5790F3}.Debug|Any CPU.Build.0 = Debug|Any CPU
		{D09EFEA5-D032-4705-BFE5-E6E50C5790F3}.Debug|Any CPU.ActiveCfg = Debug|Any CPU
		{E407472B-FFF3-4AA5-9249-6B7BB0BDAB57}.Release|Any CPU.Build.0 = Release|Any CPU
		{E407472B-FFF3-4AA5-9249-6B7BB0BDAB57}.Release|Any CPU.ActiveCfg = Release|Any CPU
		{E407472B-FFF3-4AA5-9249-6B7BB0BDAB57}.Debug|Any CPU.Build.0 = Debug|Any CPU
		{E407472B-FFF3-4AA5-9249-6B7BB0BDAB57}.Debug|Any CPU.ActiveCfg = Debug|Any CPU
		{ED7DBED7-5072-4FBE-A642-B5E73E97E22A}.Release|Any CPU.Build.0 = Release|Any CPU
		{ED7DBED7-5072-4FBE-A642-B5E73E97E22A}.Release|Any CPU.ActiveCfg = Release|Any CPU
		{ED7DBED7-5072-4FBE-A642-B5E73E97E22A}.Debug|Any CPU.Build.0 = Debug|Any CPU
		{ED7DBED7-5072-4FBE-A642-B5E73E97E22A}.Debug|Any CPU.ActiveCfg = Debug|Any CPU
		{16B295CD-AA05-4569-A594-567372A7CF98}.Release|Any CPU.Build.0 = Release|Any CPU
		{16B295CD-AA05-4569-A594-567372A7CF98}.Release|Any CPU.ActiveCfg = Release|Any CPU
		{16B295CD-AA05-4569-A594-567372A7CF98}.Debug|Any CPU.Build.0 = Debug|Any CPU
		{16B295CD-AA05-4569-A594-567372A7CF98}.Debug|Any CPU.ActiveCfg = Debug|Any CPU
		{BE07F0EB-8DD2-4721-984D-05E95404CCA3}.Release|Any CPU.Build.0 = Release|Any CPU
		{BE07F0EB-8DD2-4721-984D-05E95404CCA3}.Release|Any CPU.ActiveCfg = Release|Any CPU
		{BE07F0EB-8DD2-4721-984D-05E95404CCA3}.Debug|Any CPU.Build.0 = Debug|Any CPU
		{BE07F0EB-8DD2-4721-984D-05E95404CCA3}.Debug|Any CPU.ActiveCfg = Debug|Any CPU
		{A311D8E7-AC56-42F1-9A33-ACD0E1DF5E79}.Release|Any CPU.Build.0 = Release|Any CPU
		{A311D8E7-AC56-42F1-9A33-ACD0E1DF5E79}.Release|Any CPU.ActiveCfg = Release|Any CPU
		{A311D8E7-AC56-42F1-9A33-ACD0E1DF5E79}.Debug|Any CPU.Build.0 = Debug|Any CPU
		{A311D8E7-AC56-42F1-9A33-ACD0E1DF5E79}.Debug|Any CPU.ActiveCfg = Debug|Any CPU
		{162D1682-237F-472B-A196-967D18EB160E}.Release|Any CPU.Build.0 = Release|Any CPU
		{162D1682-237F-472B-A196-967D18EB160E}.Release|Any CPU.ActiveCfg = Release|Any CPU
		{162D1682-237F-472B-A196-967D18EB160E}.Debug|Any CPU.Build.0 = Debug|Any CPU
		{162D1682-237F-472B-A196-967D18EB160E}.Debug|Any CPU.ActiveCfg = Debug|Any CPU
		{833C99DE-DDB1-420E-A669-26E54FB8D9A2}.Release|Any CPU.Build.0 = Release|Any CPU
		{833C99DE-DDB1-420E-A669-26E54FB8D9A2}.Release|Any CPU.ActiveCfg = Release|Any CPU
		{833C99DE-DDB1-420E-A669-26E54FB8D9A2}.Debug|Any CPU.Build.0 = Debug|Any CPU
		{833C99DE-DDB1-420E-A669-26E54FB8D9A2}.Debug|Any CPU.ActiveCfg = Debug|Any CPU
		{384B88DD-1E79-43E6-AF0E-C61535340665}.Release|Any CPU.Build.0 = Release|Any CPU
		{384B88DD-1E79-43E6-AF0E-C61535340665}.Release|Any CPU.ActiveCfg = Release|Any CPU
		{384B88DD-1E79-43E6-AF0E-C61535340665}.Debug|Any CPU.Build.0 = Debug|Any CPU
		{384B88DD-1E79-43E6-AF0E-C61535340665}.Debug|Any CPU.ActiveCfg = Debug|Any CPU
		{943CF27E-D8D2-4F6F-86FE-82178639EF04}.Release|Any CPU.Build.0 = Release|Any CPU
		{943CF27E-D8D2-4F6F-86FE-82178639EF04}.Release|Any CPU.ActiveCfg = Release|Any CPU
		{943CF27E-D8D2-4F6F-86FE-82178639EF04}.Debug|Any CPU.Build.0 = Debug|Any CPU
		{943CF27E-D8D2-4F6F-86FE-82178639EF04}.Debug|Any CPU.ActiveCfg = Debug|Any CPU
		{64B6F44F-B3AB-4FA5-B5C6-BBFC40AB3008}.Debug|Any CPU.ActiveCfg = Debug|Any CPU
		{64B6F44F-B3AB-4FA5-B5C6-BBFC40AB3008}.Debug|Any CPU.Build.0 = Debug|Any CPU
		{64B6F44F-B3AB-4FA5-B5C6-BBFC40AB3008}.Release|Any CPU.ActiveCfg = Release|Any CPU
		{64B6F44F-B3AB-4FA5-B5C6-BBFC40AB3008}.Release|Any CPU.Build.0 = Release|Any CPU
	EndGlobalSection

	GlobalSection(NestedProjects) = preSolution
		{AFC09EC9-4C6B-4FAC-9BFC-0BB94BCD90D8} = {34B798DC-38E9-49C8-BD63-DEAE93C1D2E2}
		{F925E941-9EE6-4939-BA55-E5AF0ED1CD7D} = {34B798DC-38E9-49C8-BD63-DEAE93C1D2E2}
		{2E09565E-A470-4FA8-AF4D-045870967F09} = {34B798DC-38E9-49C8-BD63-DEAE93C1D2E2}
		{D09EFEA5-D032-4705-BFE5-E6E50C5790F3} = {34B798DC-38E9-49C8-BD63-DEAE93C1D2E2}
		{94094A5E-60E9-4A59-A2D3-BF4C18E8C1D0} = {0CC330DC-58E7-4912-BAB3-D16B53178D04}
		{E407472B-FFF3-4AA5-9249-6B7BB0BDAB57} = {34B798DC-38E9-49C8-BD63-DEAE93C1D2E2}
		{ED7DBED7-5072-4FBE-A642-B5E73E97E22A} = {34B798DC-38E9-49C8-BD63-DEAE93C1D2E2}
		{77A23721-6AF5-4E7D-90E1-170B74554393} = {6ABB0517-6F42-4DF0-8D79-6F48CD27B3C7}
		{16B295CD-AA05-4569-A594-567372A7CF98} = {3D95B8D2-20B1-43EB-81FB-C0229FCA3048}
		{6ABB0517-6F42-4DF0-8D79-6F48CD27B3C7} = {0CC330DC-58E7-4912-BAB3-D16B53178D04}
		{3D95B8D2-20B1-43EB-81FB-C0229FCA3048} = {0CC330DC-58E7-4912-BAB3-D16B53178D04}
		{C5EA996B-1994-446D-AE79-30CE3149D9F3} = {6ABB0517-6F42-4DF0-8D79-6F48CD27B3C7}
		{BE07F0EB-8DD2-4721-984D-05E95404CCA3} = {94094A5E-60E9-4A59-A2D3-BF4C18E8C1D0}
		{A311D8E7-AC56-42F1-9A33-ACD0E1DF5E79} = {94094A5E-60E9-4A59-A2D3-BF4C18E8C1D0}
		{162D1682-237F-472B-A196-967D18EB160E} = {94094A5E-60E9-4A59-A2D3-BF4C18E8C1D0}
		{833C99DE-DDB1-420E-A669-26E54FB8D9A2} = {94094A5E-60E9-4A59-A2D3-BF4C18E8C1D0}
		{384B88DD-1E79-43E6-AF0E-C61535340665} = {94094A5E-60E9-4A59-A2D3-BF4C18E8C1D0}
		{943CF27E-D8D2-4F6F-86FE-82178639EF04} = {94094A5E-60E9-4A59-A2D3-BF4C18E8C1D0}
		{64B6F44F-B3AB-4FA5-B5C6-BBFC40AB3008} = {6ABB0517-6F42-4DF0-8D79-6F48CD27B3C7}
		{71AC8647-6BBD-4EB4-B08B-2216DA6F21D0} = {6ABB0517-6F42-4DF0-8D79-6F48CD27B3C7}
	EndGlobalSection

EndGlobal
